
Microsoft Visual Studio Solution File, Format Version 12.00
# Visual Studio 14
VisualStudioVersion = 14.0.25420.1
MinimumVisualStudioVersion = 10.0.40219.1
Project("{8BC9CEB8-8B4A-11D0-8D11-00A0C91BC942}") = "Win32HelloWorld", "Win32HelloWorld\Win32HelloWorld.vcxproj", "{1565EE7E-4E97-40FC-B937-5A59CA7FB735}"
EndProject
Project("{8BC9CEB8-8B4A-11D0-8D11-00A0C91BC942}") = "DuiLibHelloWorld", "DuiLibHelloWorld\DuiLibHelloWorld.vcxproj", "{29B4ABF0-F14E-4602-AE80-5F84EA1F6FF6}"
EndProject
Project("{8BC9CEB8-8B4A-11D0-8D11-00A0C91BC942}") = "XmlUiHelloWorld", "XmlUiHelloWorld\XmlUiHelloWorld.vcxproj", "{76AF3883-A781-4070-8BA4-80CA828D1409}"
EndProject
Project("{8BC9CEB8-8B4A-11D0-8D11-00A0C91BC942}") = "MakeTitlePanelDemo", "MakeTitlePanelDemo\MakeTitlePanelDemo.vcxproj", "{A0D34C00-DC4E-453F-8644-83A5023B6585}"
EndProject
Project("{8BC9CEB8-8B4A-11D0-8D11-00A0C91BC942}") = "DuiLibControlDemo", "DuiLibControlDemo\DuiLibControlDemo.vcxproj", "{CCD8936E-43C8-4BA6-9D64-EC261A4509A7}"
EndProject
Project("{8BC9CEB8-8B4A-11D0-8D11-00A0C91BC942}") = "DuiLibPaintControlDemo", "DuiLibPaintControlDemo\DuiLibPaintControlDemo.vcxproj", "{437EE7E3-535F-4660-82F4-82B1AD2D6826}"
EndProject
Project("{8BC9CEB8-8B4A-11D0-8D11-00A0C91BC942}") = "MfcHelloWorld", "MfcHelloWorld\MfcHelloWorld.vcxproj", "{CC9AEEA0-6AEF-494F-8C4F-022DE335A8B2}"
EndProject
Project("{8BC9CEB8-8B4A-11D0-8D11-00A0C91BC942}") = "DuiLibInMfc", "DuiLibInMfc\DuiLibInMfc.vcxproj", "{FC5029DC-CB69-410C-8C92-9944FB8664A5}"
EndProject
Project("{8BC9CEB8-8B4A-11D0-8D11-00A0C91BC942}") = "MfcInDuiLib", "MfcInDuiLib\MfcInDuiLib.vcxproj", "{29D93922-7D13-43D1-9CE8-EBD0B356BE09}"
EndProject
Global
	GlobalSection(SolutionConfigurationPlatforms) = preSolution
		Debug|x64 = Debug|x64
		Debug|x86 = Debug|x86
		Release|x64 = Release|x64
		Release|x86 = Release|x86
	EndGlobalSection
	GlobalSection(ProjectConfigurationPlatforms) = postSolution
		{1565EE7E-4E97-40FC-B937-5A59CA7FB735}.Debug|x64.ActiveCfg = Debug|x64
		{1565EE7E-4E97-40FC-B937-5A59CA7FB735}.Debug|x64.Build.0 = Debug|x64
		{1565EE7E-4E97-40FC-B937-5A59CA7FB735}.Debug|x86.ActiveCfg = Debug|Win32
		{1565EE7E-4E97-40FC-B937-5A59CA7FB735}.Debug|x86.Build.0 = Debug|Win32
		{1565EE7E-4E97-40FC-B937-5A59CA7FB735}.Release|x64.ActiveCfg = Release|x64
		{1565EE7E-4E97-40FC-B937-5A59CA7FB735}.Release|x64.Build.0 = Release|x64
		{1565EE7E-4E97-40FC-B937-5A59CA7FB735}.Release|x86.ActiveCfg = Release|Win32
		{1565EE7E-4E97-40FC-B937-5A59CA7FB735}.Release|x86.Build.0 = Release|Win32
		{29B4ABF0-F14E-4602-AE80-5F84EA1F6FF6}.Debug|x64.ActiveCfg = Debug|x64
		{29B4ABF0-F14E-4602-AE80-5F84EA1F6FF6}.Debug|x64.Build.0 = Debug|x64
		{29B4ABF0-F14E-4602-AE80-5F84EA1F6FF6}.Debug|x86.ActiveCfg = Debug|Win32
		{29B4ABF0-F14E-4602-AE80-5F84EA1F6FF6}.Debug|x86.Build.0 = Debug|Win32
		{29B4ABF0-F14E-4602-AE80-5F84EA1F6FF6}.Release|x64.ActiveCfg = Release|x64
		{29B4ABF0-F14E-4602-AE80-5F84EA1F6FF6}.Release|x64.Build.0 = Release|x64
		{29B4ABF0-F14E-4602-AE80-5F84EA1F6FF6}.Release|x86.ActiveCfg = Release|Win32
		{29B4ABF0-F14E-4602-AE80-5F84EA1F6FF6}.Release|x86.Build.0 = Release|Win32
		{76AF3883-A781-4070-8BA4-80CA828D1409}.Debug|x64.ActiveCfg = Debug|x64
		{76AF3883-A781-4070-8BA4-80CA828D1409}.Debug|x64.Build.0 = Debug|x64
		{76AF3883-A781-4070-8BA4-80CA828D1409}.Debug|x86.ActiveCfg = Debug|Win32
		{76AF3883-A781-4070-8BA4-80CA828D1409}.Debug|x86.Build.0 = Debug|Win32
		{76AF3883-A781-4070-8BA4-80CA828D1409}.Release|x64.ActiveCfg = Release|x64
		{76AF3883-A781-4070-8BA4-80CA828D1409}.Release|x64.Build.0 = Release|x64
		{76AF3883-A781-4070-8BA4-80CA828D1409}.Release|x86.ActiveCfg = Release|Win32
		{76AF3883-A781-4070-8BA4-80CA828D1409}.Release|x86.Build.0 = Release|Win32
		{A0D34C00-DC4E-453F-8644-83A5023B6585}.Debug|x64.ActiveCfg = Debug|x64
		{A0D34C00-DC4E-453F-8644-83A5023B6585}.Debug|x64.Build.0 = Debug|x64
		{A0D34C00-DC4E-453F-8644-83A5023B6585}.Debug|x86.ActiveCfg = Debug|Win32
		{A0D34C00-DC4E-453F-8644-83A5023B6585}.Debug|x86.Build.0 = Debug|Win32
		{A0D34C00-DC4E-453F-8644-83A5023B6585}.Release|x64.ActiveCfg = Release|x64
		{A0D34C00-DC4E-453F-8644-83A5023B6585}.Release|x64.Build.0 = Release|x64
		{A0D34C00-DC4E-453F-8644-83A5023B6585}.Release|x86.ActiveCfg = Release|Win32
		{A0D34C00-DC4E-453F-8644-83A5023B6585}.Release|x86.Build.0 = Release|Win32
		{CCD8936E-43C8-4BA6-9D64-EC261A4509A7}.Debug|x64.ActiveCfg = Debug|x64
		{CCD8936E-43C8-4BA6-9D64-EC261A4509A7}.Debug|x64.Build.0 = Debug|x64
		{CCD8936E-43C8-4BA6-9D64-EC261A4509A7}.Debug|x86.ActiveCfg = Debug|Win32
		{CCD8936E-43C8-4BA6-9D64-EC261A4509A7}.Debug|x86.Build.0 = Debug|Win32
		{CCD8936E-43C8-4BA6-9D64-EC261A4509A7}.Release|x64.ActiveCfg = Release|x64
		{CCD8936E-43C8-4BA6-9D64-EC261A4509A7}.Release|x64.Build.0 = Release|x64
		{CCD8936E-43C8-4BA6-9D64-EC261A4509A7}.Release|x86.ActiveCfg = Release|Win32
		{CCD8936E-43C8-4BA6-9D64-EC261A4509A7}.Release|x86.Build.0 = Release|Win32
		{437EE7E3-535F-4660-82F4-82B1AD2D6826}.Debug|x64.ActiveCfg = Debug|x64
		{437EE7E3-535F-4660-82F4-82B1AD2D6826}.Debug|x64.Build.0 = Debug|x64
		{437EE7E3-535F-4660-82F4-82B1AD2D6826}.Debug|x86.ActiveCfg = Debug|Win32
		{437EE7E3-535F-4660-82F4-82B1AD2D6826}.Debug|x86.Build.0 = Debug|Win32
		{437EE7E3-535F-4660-82F4-82B1AD2D6826}.Release|x64.ActiveCfg = Release|x64
		{437EE7E3-535F-4660-82F4-82B1AD2D6826}.Release|x64.Build.0 = Release|x64
		{437EE7E3-535F-4660-82F4-82B1AD2D6826}.Release|x86.ActiveCfg = Release|Win32
		{437EE7E3-535F-4660-82F4-82B1AD2D6826}.Release|x86.Build.0 = Release|Win32
		{CC9AEEA0-6AEF-494F-8C4F-022DE335A8B2}.Debug|x64.ActiveCfg = Debug|x64
		{CC9AEEA0-6AEF-494F-8C4F-022DE335A8B2}.Debug|x64.Build.0 = Debug|x64
		{CC9AEEA0-6AEF-494F-8C4F-022DE335A8B2}.Debug|x86.ActiveCfg = Debug|Win32
		{CC9AEEA0-6AEF-494F-8C4F-022DE335A8B2}.Debug|x86.Build.0 = Debug|Win32
		{CC9AEEA0-6AEF-494F-8C4F-022DE335A8B2}.Release|x64.ActiveCfg = Release|x64
		{CC9AEEA0-6AEF-494F-8C4F-022DE335A8B2}.Release|x64.Build.0 = Release|x64
		{CC9AEEA0-6AEF-494F-8C4F-022DE335A8B2}.Release|x86.ActiveCfg = Release|Win32
		{CC9AEEA0-6AEF-494F-8C4F-022DE335A8B2}.Release|x86.Build.0 = Release|Win32
		{FC5029DC-CB69-410C-8C92-9944FB8664A5}.Debug|x64.ActiveCfg = Debug|x64
		{FC5029DC-CB69-410C-8C92-9944FB8664A5}.Debug|x64.Build.0 = Debug|x64
		{FC5029DC-CB69-410C-8C92-9944FB8664A5}.Debug|x86.ActiveCfg = Debug|Win32
		{FC5029DC-CB69-410C-8C92-9944FB8664A5}.Debug|x86.Build.0 = Debug|Win32
		{FC5029DC-CB69-410C-8C92-9944FB8664A5}.Release|x64.ActiveCfg = Release|x64
		{FC5029DC-CB69-410C-8C92-9944FB8664A5}.Release|x64.Build.0 = Release|x64
		{FC5029DC-CB69-410C-8C92-9944FB8664A5}.Release|x86.ActiveCfg = Release|Win32
		{FC5029DC-CB69-410C-8C92-9944FB8664A5}.Release|x86.Build.0 = Release|Win32
		{29D93922-7D13-43D1-9CE8-EBD0B356BE09}.Debug|x64.ActiveCfg = Debug|x64
		{29D93922-7D13-43D1-9CE8-EBD0B356BE09}.Debug|x64.Build.0 = Debug|x64
		{29D93922-7D13-43D1-9CE8-EBD0B356BE09}.Debug|x86.ActiveCfg = Debug|Win32
		{29D93922-7D13-43D1-9CE8-EBD0B356BE09}.Debug|x86.Build.0 = Debug|Win32
		{29D93922-7D13-43D1-9CE8-EBD0B356BE09}.Release|x64.ActiveCfg = Release|x64
		{29D93922-7D13-43D1-9CE8-EBD0B356BE09}.Release|x64.Build.0 = Release|x64
		{29D93922-7D13-43D1-9CE8-EBD0B356BE09}.Release|x86.ActiveCfg = Release|Win32
		{29D93922-7D13-43D1-9CE8-EBD0B356BE09}.Release|x86.Build.0 = Release|Win32
	EndGlobalSection
	GlobalSection(SolutionProperties) = preSolution
		HideSolutionNode = FALSE
	EndGlobalSection
EndGlobal
